// !$*UTF8*$!
{
	archiveVersion = 1;
	classes = {
	};
	objectVersion = 56;
	objects = {

/* Begin PBXBuildFile section */
		E12CDD512AB7185300DCAD68 /* swiftUI_FirebaseLoginApp.swift in Sources */ = {isa = PBXBuildFile; fileRef = E12CDD502AB7185300DCAD68 /* swiftUI_FirebaseLoginApp.swift */; };
		E12CDD532AB7185300DCAD68 /* ContentView.swift in Sources */ = {isa = PBXBuildFile; fileRef = E12CDD522AB7185300DCAD68 /* ContentView.swift */; };
		E12CDD552AB7185400DCAD68 /* Assets.xcassets in Resources */ = {isa = PBXBuildFile; fileRef = E12CDD542AB7185400DCAD68 /* Assets.xcassets */; };
		E12CDD582AB7185400DCAD68 /* Preview Assets.xcassets in Resources */ = {isa = PBXBuildFile; fileRef = E12CDD572AB7185400DCAD68 /* Preview Assets.xcassets */; };
		E12CDD622AB7185500DCAD68 /* swiftUI_FirebaseLoginTests.swift in Sources */ = {isa = PBXBuildFile; fileRef = E12CDD612AB7185500DCAD68 /* swiftUI_FirebaseLoginTests.swift */; };
		E12CDD6C2AB7185500DCAD68 /* swiftUI_FirebaseLoginUITests.swift in Sources */ = {isa = PBXBuildFile; fileRef = E12CDD6B2AB7185500DCAD68 /* swiftUI_FirebaseLoginUITests.swift */; };
		E12CDD6E2AB7185500DCAD68 /* swiftUI_FirebaseLoginUITestsLaunchTests.swift in Sources */ = {isa = PBXBuildFile; fileRef = E12CDD6D2AB7185500DCAD68 /* swiftUI_FirebaseLoginUITestsLaunchTests.swift */; };
/* End PBXBuildFile section */

/* Begin PBXContainerItemProxy section */
		E12CDD5E2AB7185400DCAD68 /* PBXContainerItemProxy */ = {
			isa = PBXContainerItemProxy;
			containerPortal = E12CDD452AB7185300DCAD68 /* Project object */;
			proxyType = 1;
			remoteGlobalIDString = E12CDD4C2AB7185300DCAD68;
			remoteInfo = "swiftUI-FirebaseLogin";
		};
		E12CDD682AB7185500DCAD68 /* PBXContainerItemProxy */ = {
			isa = PBXContainerItemProxy;
			containerPortal = E12CDD452AB7185300DCAD68 /* Project object */;
			proxyType = 1;
			remoteGlobalIDString = E12CDD4C2AB7185300DCAD68;
			remoteInfo = "swiftUI-FirebaseLogin";
		};
/* End PBXContainerItemProxy section */

/* Begin PBXFileReference section */
		E12CDD4D2AB7185300DCAD68 /* swiftUI-FirebaseLogin.app */ = {isa = PBXFileReference; explicitFileType = wrapper.application; includeInIndex = 0; path = "swiftUI-FirebaseLogin.app"; sourceTree = BUILT_PRODUCTS_DIR; };
		E12CDD502AB7185300DCAD68 /* swiftUI_FirebaseLoginApp.swift */ = {isa = PBXFileReference; lastKnownFileType = sourcecode.swift; path = swiftUI_FirebaseLoginApp.swift; sourceTree = "<group>"; };
		E12CDD522AB7185300DCAD68 /* ContentView.swift */ = {isa = PBXFileReference; lastKnownFileType = sourcecode.swift; path = ContentView.swift; sourceTree = "<group>"; };
		E12CDD542AB7185400DCAD68 /* Assets.xcassets */ = {isa = PBXFileReference; lastKnownFileType = folder.assetcatalog; path = Assets.xcassets; sourceTree = "<group>"; };
		E12CDD572AB7185400DCAD68 /* Preview Assets.xcassets */ = {isa = PBXFileReference; lastKnownFileType = folder.assetcatalog; path = "Preview Assets.xcassets"; sourceTree = "<group>"; };
		E12CDD5D2AB7185400DCAD68 /* swiftUI-FirebaseLoginTests.xctest */ = {isa = PBXFileReference; explicitFileType = wrapper.cfbundle; includeInIndex = 0; path = "swiftUI-FirebaseLoginTests.xctest"; sourceTree = BUILT_PRODUCTS_DIR; };
		E12CDD612AB7185500DCAD68 /* swiftUI_FirebaseLoginTests.swift */ = {isa = PBXFileReference; lastKnownFileType = sourcecode.swift; path = swiftUI_FirebaseLoginTests.swift; sourceTree = "<group>"; };
		E12CDD672AB7185500DCAD68 /* swiftUI-FirebaseLoginUITests.xctest */ = {isa = PBXFileReference; explicitFileType = wrapper.cfbundle; includeInIndex = 0; path = "swiftUI-FirebaseLoginUITests.xctest"; sourceTree = BUILT_PRODUCTS_DIR; };
		E12CDD6B2AB7185500DCAD68 /* swiftUI_FirebaseLoginUITests.swift */ = {isa = PBXFileReference; lastKnownFileType = sourcecode.swift; path = swiftUI_FirebaseLoginUITests.swift; sourceTree = "<group>"; };
		E12CDD6D2AB7185500DCAD68 /* swiftUI_FirebaseLoginUITestsLaunchTests.swift */ = {isa = PBXFileReference; lastKnownFileType = sourcecode.swift; path = swiftUI_FirebaseLoginUITestsLaunchTests.swift; sourceTree = "<group>"; };
/* End PBXFileReference section */

/* Begin PBXFrameworksBuildPhase section */
		E12CDD4A2AB7185300DCAD68 /* Frameworks */ = {
			isa = PBXFrameworksBuildPhase;
			buildActionMask = 2147483647;
			files = (
			);
			runOnlyForDeploymentPostprocessing = 0;
		};
		E12CDD5A2AB7185400DCAD68 /* Frameworks */ = {
			isa = PBXFrameworksBuildPhase;
			buildActionMask = 2147483647;
			files = (
			);
			runOnlyForDeploymentPostprocessing = 0;
		};
		E12CDD642AB7185500DCAD68 /* Frameworks */ = {
			isa = PBXFrameworksBuildPhase;
			buildActionMask = 2147483647;
			files = (
			);
			runOnlyForDeploymentPostprocessing = 0;
		};
/* End PBXFrameworksBuildPhase section */

/* Begin PBXGroup section */
		E12CDD442AB7185300DCAD68 = {
			isa = PBXGroup;
			children = (
				E12CDD4F2AB7185300DCAD68 /* swiftUI-FirebaseLogin */,
				E12CDD602AB7185500DCAD68 /* swiftUI-FirebaseLoginTests */,
				E12CDD6A2AB7185500DCAD68 /* swiftUI-FirebaseLoginUITests */,
				E12CDD4E2AB7185300DCAD68 /* Products */,
			);
			sourceTree = "<group>";
		};
		E12CDD4E2AB7185300DCAD68 /* Products */ = {
			isa = PBXGroup;
			children = (
				E12CDD4D2AB7185300DCAD68 /* swiftUI-FirebaseLogin.app */,
				E12CDD5D2AB7185400DCAD68 /* swiftUI-FirebaseLoginTests.xctest */,
				E12CDD672AB7185500DCAD68 /* swiftUI-FirebaseLoginUITests.xctest */,
			);
			name = Products;
			sourceTree = "<group>";
		};
		E12CDD4F2AB7185300DCAD68 /* swiftUI-FirebaseLogin */ = {
			isa = PBXGroup;
			children = (
				E12CDD502AB7185300DCAD68 /* swiftUI_FirebaseLoginApp.swift */,
				E12CDD522AB7185300DCAD68 /* ContentView.swift */,
				E12CDD542AB7185400DCAD68 /* Assets.xcassets */,
				E12CDD562AB7185400DCAD68 /* Preview Content */,
			);
			path = "swiftUI-FirebaseLogin";
			sourceTree = "<group>";
		};
		E12CDD562AB7185400DCAD68 /* Preview Content */ = {
			isa = PBXGroup;
			children = (
				E12CDD572AB7185400DCAD68 /* Preview Assets.xcassets */,
			);
			path = "Preview Content";
			sourceTree = "<group>";
		};
		E12CDD602AB7185500DCAD68 /* swiftUI-FirebaseLoginTests */ = {
			isa = PBXGroup;
			children = (
				E12CDD612AB7185500DCAD68 /* swiftUI_FirebaseLoginTests.swift */,
			);
			path = "swiftUI-FirebaseLoginTests";
			sourceTree = "<group>";
		};
		E12CDD6A2AB7185500DCAD68 /* swiftUI-FirebaseLoginUITests */ = {
			isa = PBXGroup;
			children = (
				E12CDD6B2AB7185500DCAD68 /* swiftUI_FirebaseLoginUITests.swift */,
				E12CDD6D2AB7185500DCAD68 /* swiftUI_FirebaseLoginUITestsLaunchTests.swift */,
			);
			path = "swiftUI-FirebaseLoginUITests";
			sourceTree = "<group>";
		};
/* End PBXGroup section */

/* Begin PBXNativeTarget section */
		E12CDD4C2AB7185300DCAD68 /* swiftUI-FirebaseLogin */ = {
			isa = PBXNativeTarget;
			buildConfigurationList = E12CDD712AB7185500DCAD68 /* Build configuration list for PBXNativeTarget "swiftUI-FirebaseLogin" */;
			buildPhases = (
				E12CDD492AB7185300DCAD68 /* Sources */,
				E12CDD4A2AB7185300DCAD68 /* Frameworks */,
				E12CDD4B2AB7185300DCAD68 /* Resources */,
			);
			buildRules = (
			);
			dependencies = (
			);
			name = "swiftUI-FirebaseLogin";
			productName = "swiftUI-FirebaseLogin";
			productReference = E12CDD4D2AB7185300DCAD68 /* swiftUI-FirebaseLogin.app */;
			productType = "com.apple.product-type.application";
		};
		E12CDD5C2AB7185400DCAD68 /* swiftUI-FirebaseLoginTests */ = {
			isa = PBXNativeTarget;
			buildConfigurationList = E12CDD742AB7185500DCAD68 /* Build configuration list for PBXNativeTarget "swiftUI-FirebaseLoginTests" */;
			buildPhases = (
				E12CDD592AB7185400DCAD68 /* Sources */,
				E12CDD5A2AB7185400DCAD68 /* Frameworks */,
				E12CDD5B2AB7185400DCAD68 /* Resources */,
			);
			buildRules = (
			);
			dependencies = (
				E12CDD5F2AB7185400DCAD68 /* PBXTargetDependency */,
			);
			name = "swiftUI-FirebaseLoginTests";
			productName = "swiftUI-FirebaseLoginTests";
			productReference = E12CDD5D2AB7185400DCAD68 /* swiftUI-FirebaseLoginTests.xctest */;
			productType = "com.apple.product-type.bundle.unit-test";
		};
		E12CDD662AB7185500DCAD68 /* swiftUI-FirebaseLoginUITests */ = {
			isa = PBXNativeTarget;
			buildConfigurationList = E12CDD772AB7185500DCAD68 /* Build configuration list for PBXNativeTarget "swiftUI-FirebaseLoginUITests" */;
			buildPhases = (
				E12CDD632AB7185500DCAD68 /* Sources */,
				E12CDD642AB7185500DCAD68 /* Frameworks */,
				E12CDD652AB7185500DCAD68 /* Resources */,
			);
			buildRules = (
			);
			dependencies = (
				E12CDD692AB7185500DCAD68 /* PBXTargetDependency */,
			);
			name = "swiftUI-FirebaseLoginUITests";
			productName = "swiftUI-FirebaseLoginUITests";
			productReference = E12CDD672AB7185500DCAD68 /* swiftUI-FirebaseLoginUITests.xctest */;
			productType = "com.apple.product-type.bundle.ui-testing";
		};
/* End PBXNativeTarget section */

/* Begin PBXProject section */
		E12CDD452AB7185300DCAD68 /* Project object */ = {
			isa = PBXProject;
			attributes = {
				BuildIndependentTargetsInParallel = 1;
				LastSwiftUpdateCheck = 1430;
				LastUpgradeCheck = 1430;
				TargetAttributes = {
					E12CDD4C2AB7185300DCAD68 = {
						CreatedOnToolsVersion = 14.3.1;
					};
					E12CDD5C2AB7185400DCAD68 = {
						CreatedOnToolsVersion = 14.3.1;
						TestTargetID = E12CDD4C2AB7185300DCAD68;
					};
					E12CDD662AB7185500DCAD68 = {
						CreatedOnToolsVersion = 14.3.1;
						TestTargetID = E12CDD4C2AB7185300DCAD68;
					};
				};
			};
			buildConfigurationList = E12CDD482AB7185300DCAD68 /* Build configuration list for PBXProject "swiftUI-FirebaseLogin" */;
			compatibilityVersion = "Xcode 14.0";
			developmentRegion = en;
			hasScannedForEncodings = 0;
			knownRegions = (
				en,
				Base,
			);
			mainGroup = E12CDD442AB7185300DCAD68;
			productRefGroup = E12CDD4E2AB7185300DCAD68 /* Products */;
			projectDirPath = "";
			projectRoot = "";
			targets = (
				E12CDD4C2AB7185300DCAD68 /* swiftUI-FirebaseLogin */,
				E12CDD5C2AB7185400DCAD68 /* swiftUI-FirebaseLoginTests */,
				E12CDD662AB7185500DCAD68 /* swiftUI-FirebaseLoginUITests */,
			);
		};
/* End PBXProject section */

/* Begin PBXResourcesBuildPhase section */
		E12CDD4B2AB7185300DCAD68 /* Resources */ = {
			isa = PBXResourcesBuildPhase;
			buildActionMask = 2147483647;
			files = (
				E12CDD582AB7185400DCAD68 /* Preview Assets.xcassets in Resources */,
				E12CDD552AB7185400DCAD68 /* Assets.xcassets in Resources */,
			);
			runOnlyForDeploymentPostprocessing = 0;
		};
		E12CDD5B2AB7185400DCAD68 /* Resources */ = {
			isa = PBXResourcesBuildPhase;
			buildActionMask = 2147483647;
			files = (
			);
			runOnlyForDeploymentPostprocessing = 0;
		};
		E12CDD652AB7185500DCAD68 /* Resources */ = {
			isa = PBXResourcesBuildPhase;
			buildActionMask = 2147483647;
			files = (
			);
			runOnlyForDeploymentPostprocessing = 0;
		};
/* End PBXResourcesBuildPhase section */

/* Begin PBXSourcesBuildPhase section */
		E12CDD492AB7185300DCAD68 /* Sources */ = {
			isa = PBXSourcesBuildPhase;
			buildActionMask = 2147483647;
			files = (
				E12CDD532AB7185300DCAD68 /* ContentView.swift in Sources */,
				E12CDD512AB7185300DCAD68 /* swiftUI_FirebaseLoginApp.swift in Sources */,
			);
			runOnlyForDeploymentPostprocessing = 0;
		};
		E12CDD592AB7185400DCAD68 /* Sources */ = {
			isa = PBXSourcesBuildPhase;
			buildActionMask = 2147483647;
			files = (
				E12CDD622AB7185500DCAD68 /* swiftUI_FirebaseLoginTests.swift in Sources */,
			);
			runOnlyForDeploymentPostprocessing = 0;
		};
		E12CDD632AB7185500DCAD68 /* Sources */ = {
			isa = PBXSourcesBuildPhase;
			buildActionMask = 2147483647;
			files = (
				E12CDD6C2AB7185500DCAD68 /* swiftUI_FirebaseLoginUITests.swift in Sources */,
				E12CDD6E2AB7185500DCAD68 /* swiftUI_FirebaseLoginUITestsLaunchTests.swift in Sources */,
			);
			runOnlyForDeploymentPostprocessing = 0;
		};
/* End PBXSourcesBuildPhase section */

/* Begin PBXTargetDependency section */
		E12CDD5F2AB7185400DCAD68 /* PBXTargetDependency */ = {
			isa = PBXTargetDependency;
			target = E12CDD4C2AB7185300DCAD68 /* swiftUI-FirebaseLogin */;
			targetProxy = E12CDD5E2AB7185400DCAD68 /* PBXContainerItemProxy */;
		};
		E12CDD692AB7185500DCAD68 /* PBXTargetDependency */ = {
			isa = PBXTargetDependency;
			target = E12CDD4C2AB7185300DCAD68 /* swiftUI-FirebaseLogin */;
			targetProxy = E12CDD682AB7185500DCAD68 /* PBXContainerItemProxy */;
		};
/* End PBXTargetDependency section */

/* Begin XCBuildConfiguration section */
		E12CDD6F2AB7185500DCAD68 /* Debug */ = {
			isa = XCBuildConfiguration;
			buildSettings = {
				ALWAYS_SEARCH_USER_PATHS = NO;
				CLANG_ANALYZER_NONNULL = YES;
				CLANG_ANALYZER_NUMBER_OBJECT_CONVERSION = YES_AGGRESSIVE;
				CLANG_CXX_LANGUAGE_STANDARD = "gnu++20";
				CLANG_ENABLE_MODULES = YES;
				CLANG_ENABLE_OBJC_ARC = YES;
				CLANG_ENABLE_OBJC_WEAK = YES;
				CLANG_WARN_BLOCK_CAPTURE_AUTORELEASING = YES;
				CLANG_WARN_BOOL_CONVERSION = YES;
				CLANG_WARN_COMMA = YES;
				CLANG_WARN_CONSTANT_CONVERSION = YES;
				CLANG_WARN_DEPRECATED_OBJC_IMPLEMENTATIONS = YES;
				CLANG_WARN_DIRECT_OBJC_ISA_USAGE = YES_ERROR;
				CLANG_WARN_DOCUMENTATION_COMMENTS = YES;
				CLANG_WARN_EMPTY_BODY = YES;
				CLANG_WARN_ENUM_CONVERSION = YES;
				CLANG_WARN_INFINITE_RECURSION = YES;
				CLANG_WARN_INT_CONVERSION = YES;
				CLANG_WARN_NON_LITERAL_NULL_CONVERSION = YES;
				CLANG_WARN_OBJC_IMPLICIT_RETAIN_SELF = YES;
				CLANG_WARN_OBJC_LITERAL_CONVERSION = YES;
				CLANG_WARN_OBJC_ROOT_CLASS = YES_ERROR;
				CLANG_WARN_QUOTED_INCLUDE_IN_FRAMEWORK_HEADER = YES;
				CLANG_WARN_RANGE_LOOP_ANALYSIS = YES;
				CLANG_WARN_STRICT_PROTOTYPES = YES;
				CLANG_WARN_SUSPICIOUS_MOVE = YES;
				CLANG_WARN_UNGUARDED_AVAILABILITY = YES_AGGRESSIVE;
				CLANG_WARN_UNREACHABLE_CODE = YES;
				CLANG_WARN__DUPLICATE_METHOD_MATCH = YES;
				COPY_PHASE_STRIP = NO;
				DEBUG_INFORMATION_FORMAT = dwarf;
				ENABLE_STRICT_OBJC_MSGSEND = YES;
				ENABLE_TESTABILITY = YES;
				GCC_C_LANGUAGE_STANDARD = gnu11;
				GCC_DYNAMIC_NO_PIC = NO;
				GCC_NO_COMMON_BLOCKS = YES;
				GCC_OPTIMIZATION_LEVEL = 0;
				GCC_PREPROCESSOR_DEFINITIONS = (
					"DEBUG=1",
					"$(inherited)",
				);
				GCC_WARN_64_TO_32_BIT_CONVERSION = YES;
				GCC_WARN_ABOUT_RETURN_TYPE = YES_ERROR;
				GCC_WARN_UNDECLARED_SELECTOR = YES;
				GCC_WARN_UNINITIALIZED_AUTOS = YES_AGGRESSIVE;
				GCC_WARN_UNUSED_FUNCTION = YES;
				GCC_WARN_UNUSED_VARIABLE = YES;
				IPHONEOS_DEPLOYMENT_TARGET = 16.4;
				MTL_ENABLE_DEBUG_INFO = INCLUDE_SOURCE;
				MTL_FAST_MATH = YES;
				ONLY_ACTIVE_ARCH = YES;
				SDKROOT = iphoneos;
				SWIFT_ACTIVE_COMPILATION_CONDITIONS = DEBUG;
				SWIFT_OPTIMIZATION_LEVEL = "-Onone";
			};
			name = Debug;
		};
		E12CDD702AB7185500DCAD68 /* Release */ = {
			isa = XCBuildConfiguration;
			buildSettings = {
				ALWAYS_SEARCH_USER_PATHS = NO;
				CLANG_ANALYZER_NONNULL = YES;
				CLANG_ANALYZER_NUMBER_OBJECT_CONVERSION = YES_AGGRESSIVE;
				CLANG_CXX_LANGUAGE_STANDARD = "gnu++20";
				CLANG_ENABLE_MODULES = YES;
				CLANG_ENABLE_OBJC_ARC = YES;
				CLANG_ENABLE_OBJC_WEAK = YES;
				CLANG_WARN_BLOCK_CAPTURE_AUTORELEASING = YES;
				CLANG_WARN_BOOL_CONVERSION = YES;
				CLANG_WARN_COMMA = YES;
				CLANG_WARN_CONSTANT_CONVERSION = YES;
				CLANG_WARN_DEPRECATED_OBJC_IMPLEMENTATIONS = YES;
				CLANG_WARN_DIRECT_OBJC_ISA_USAGE = YES_ERROR;
				CLANG_WARN_DOCUMENTATION_COMMENTS = YES;
				CLANG_WARN_EMPTY_BODY = YES;
				CLANG_WARN_ENUM_CONVERSION = YES;
				CLANG_WARN_INFINITE_RECURSION = YES;
				CLANG_WARN_INT_CONVERSION = YES;
				CLANG_WARN_NON_LITERAL_NULL_CONVERSION = YES;
				CLANG_WARN_OBJC_IMPLICIT_RETAIN_SELF = YES;
				CLANG_WARN_OBJC_LITERAL_CONVERSION = YES;
				CLANG_WARN_OBJC_ROOT_CLASS = YES_ERROR;
				CLANG_WARN_QUOTED_INCLUDE_IN_FRAMEWORK_HEADER = YES;
				CLANG_WARN_RANGE_LOOP_ANALYSIS = YES;
				CLANG_WARN_STRICT_PROTOTYPES = YES;
				CLANG_WARN_SUSPICIOUS_MOVE = YES;
				CLANG_WARN_UNGUARDED_AVAILABILITY = YES_AGGRESSIVE;
				CLANG_WARN_UNREACHABLE_CODE = YES;
				CLANG_WARN__DUPLICATE_METHOD_MATCH = YES;
				COPY_PHASE_STRIP = NO;
				DEBUG_INFORMATION_FORMAT = "dwarf-with-dsym";
				ENABLE_NS_ASSERTIONS = NO;
				ENABLE_STRICT_OBJC_MSGSEND = YES;
				GCC_C_LANGUAGE_STANDARD = gnu11;
				GCC_NO_COMMON_BLOCKS = YES;
				GCC_WARN_64_TO_32_BIT_CONVERSION = YES;
				GCC_WARN_ABOUT_RETURN_TYPE = YES_ERROR;
				GCC_WARN_UNDECLARED_SELECTOR = YES;
				GCC_WARN_UNINITIALIZED_AUTOS = YES_AGGRESSIVE;
				GCC_WARN_UNUSED_FUNCTION = YES;
				GCC_WARN_UNUSED_VARIABLE = YES;
				IPHONEOS_DEPLOYMENT_TARGET = 16.4;
				MTL_ENABLE_DEBUG_INFO = NO;
				MTL_FAST_MATH = YES;
				SDKROOT = iphoneos;
				SWIFT_COMPILATION_MODE = wholemodule;
				SWIFT_OPTIMIZATION_LEVEL = "-O";
				VALIDATE_PRODUCT = YES;
			};
			name = Release;
		};
		E12CDD722AB7185500DCAD68 /* Debug */ = {
			isa = XCBuildConfiguration;
			buildSettings = {
				ASSETCATALOG_COMPILER_APPICON_NAME = AppIcon;
				ASSETCATALOG_COMPILER_GLOBAL_ACCENT_COLOR_NAME = AccentColor;
				CODE_SIGN_STYLE = Automatic;
				CURRENT_PROJECT_VERSION = 1;
				DEVELOPMENT_ASSET_PATHS = "\"swiftUI-FirebaseLogin/Preview Content\"";
				ENABLE_PREVIEWS = YES;
				GENERATE_INFOPLIST_FILE = YES;
				INFOPLIST_KEY_UIApplicationSceneManifest_Generation = YES;
				INFOPLIST_KEY_UIApplicationSupportsIndirectInputEvents = YES;
				INFOPLIST_KEY_UILaunchScreen_Generation = YES;
				INFOPLIST_KEY_UISupportedInterfaceOrientations_iPad = "UIInterfaceOrientationPortrait UIInterfaceOrientationPortraitUpsideDown UIInterfaceOrientationLandscapeLeft UIInterfaceOrientationLandscapeRight";
				INFOPLIST_KEY_UISupportedInterfaceOrientations_iPhone = "UIInterfaceOrientationPortrait UIInterfaceOrientationLandscapeLeft UIInterfaceOrientationLandscapeRight";
				LD_RUNPATH_SEARCH_PATHS = (
					"$(inherited)",
					"@executable_path/Frameworks",
				);
				MARKETING_VERSION = 1.0;
				PRODUCT_BUNDLE_IDENTIFIER = "ttubas.swiftUI-FirebaseLogin";
				PRODUCT_NAME = "$(TARGET_NAME)";
				SWIFT_EMIT_LOC_STRINGS = YES;
				SWIFT_VERSION = 5.0;
				TARGETED_DEVICE_FAMILY = "1,2";
			};
			name = Debug;
		};
		E12CDD732AB7185500DCAD68 /* Release */ = {
			isa = XCBuildConfiguration;
			buildSettings = {
				ASSETCATALOG_COMPILER_APPICON_NAME = AppIcon;
				ASSETCATALOG_COMPILER_GLOBAL_ACCENT_COLOR_NAME = AccentColor;
				CODE_SIGN_STYLE = Automatic;
				CURRENT_PROJECT_VERSION = 1;
				DEVELOPMENT_ASSET_PATHS = "\"swiftUI-FirebaseLogin/Preview Content\"";
				ENABLE_PREVIEWS = YES;
				GENERATE_INFOPLIST_FILE = YES;
				INFOPLIST_KEY_UIApplicationSceneManifest_Generation = YES;
				INFOPLIST_KEY_UIApplicationSupportsIndirectInputEvents = YES;
				INFOPLIST_KEY_UILaunchScreen_Generation = YES;
				INFOPLIST_KEY_UISupportedInterfaceOrientations_iPad = "UIInterfaceOrientationPortrait UIInterfaceOrientationPortraitUpsideDown UIInterfaceOrientationLandscapeLeft UIInterfaceOrientationLandscapeRight";
				INFOPLIST_KEY_UISupportedInterfaceOrientations_iPhone = "UIInterfaceOrientationPortrait UIInterfaceOrientationLandscapeLeft UIInterfaceOrientationLandscapeRight";
				LD_RUNPATH_SEARCH_PATHS = (
					"$(inherited)",
					"@executable_path/Frameworks",
				);
				MARKETING_VERSION = 1.0;
				PRODUCT_BUNDLE_IDENTIFIER = "ttubas.swiftUI-FirebaseLogin";
				PRODUCT_NAME = "$(TARGET_NAME)";
				SWIFT_EMIT_LOC_STRINGS = YES;
				SWIFT_VERSION = 5.0;
				TARGETED_DEVICE_FAMILY = "1,2";
			};
			name = Release;
		};
		E12CDD752AB7185500DCAD68 /* Debug */ = {
			isa = XCBuildConfiguration;
			buildSettings = {
				ALWAYS_EMBED_SWIFT_STANDARD_LIBRARIES = YES;
				BUNDLE_LOADER = "$(TEST_HOST)";
				CODE_SIGN_STYLE = Automatic;
				CURRENT_PROJECT_VERSION = 1;
				GENERATE_INFOPLIST_FILE = YES;
				IPHONEOS_DEPLOYMENT_TARGET = 16.4;
				MARKETING_VERSION = 1.0;
				PRODUCT_BUNDLE_IDENTIFIER = "ttubas.swiftUI-FirebaseLoginTests";
				PRODUCT_NAME = "$(TARGET_NAME)";
				SWIFT_EMIT_LOC_STRINGS = NO;
				SWIFT_VERSION = 5.0;
				TARGETED_DEVICE_FAMILY = "1,2";
				TEST_HOST = "$(BUILT_PRODUCTS_DIR)/swiftUI-FirebaseLogin.app/$(BUNDLE_EXECUTABLE_FOLDER_PATH)/swiftUI-FirebaseLogin";
			};
			name = Debug;
		};
		E12CDD762AB7185500DCAD68 /* Release */ = {
			isa = XCBuildConfiguration;
			buildSettings = {
				ALWAYS_EMBED_SWIFT_STANDARD_LIBRARIES = YES;
				BUNDLE_LOADER = "$(TEST_HOST)";
				CODE_SIGN_STYLE = Automatic;
				CURRENT_PROJECT_VERSION = 1;
				GENERATE_INFOPLIST_FILE = YES;
				IPHONEOS_DEPLOYMENT_TARGET = 16.4;
				MARKETING_VERSION = 1.0;
				PRODUCT_BUNDLE_IDENTIFIER = "ttubas.swiftUI-FirebaseLoginTests";
				PRODUCT_NAME = "$(TARGET_NAME)";
				SWIFT_EMIT_LOC_STRINGS = NO;
				SWIFT_VERSION = 5.0;
				TARGETED_DEVICE_FAMILY = "1,2";
				TEST_HOST = "$(BUILT_PRODUCTS_DIR)/swiftUI-FirebaseLogin.app/$(BUNDLE_EXECUTABLE_FOLDER_PATH)/swiftUI-FirebaseLogin";
			};
			name = Release;
		};
		E12CDD782AB7185500DCAD68 /* Debug */ = {
			isa = XCBuildConfiguration;
			buildSettings = {
				ALWAYS_EMBED_SWIFT_STANDARD_LIBRARIES = YES;
				CODE_SIGN_STYLE = Automatic;
				CURRENT_PROJECT_VERSION = 1;
				GENERATE_INFOPLIST_FILE = YES;
				MARKETING_VERSION = 1.0;
				PRODUCT_BUNDLE_IDENTIFIER = "ttubas.swiftUI-FirebaseLoginUITests";
				PRODUCT_NAME = "$(TARGET_NAME)";
				SWIFT_EMIT_LOC_STRINGS = NO;
				SWIFT_VERSION = 5.0;
				TARGETED_DEVICE_FAMILY = "1,2";
				TEST_TARGET_NAME = "swiftUI-FirebaseLogin";
			};
			name = Debug;
		};
		E12CDD792AB7185500DCAD68 /* Release */ = {
			isa = XCBuildConfiguration;
			buildSettings = {
				ALWAYS_EMBED_SWIFT_STANDARD_LIBRARIES = YES;
				CODE_SIGN_STYLE = Automatic;
				CURRENT_PROJECT_VERSION = 1;
				GENERATE_INFOPLIST_FILE = YES;
				MARKETING_VERSION = 1.0;
				PRODUCT_BUNDLE_IDENTIFIER = "ttubas.swiftUI-FirebaseLoginUITests";
				PRODUCT_NAME = "$(TARGET_NAME)";
				SWIFT_EMIT_LOC_STRINGS = NO;
				SWIFT_VERSION = 5.0;
				TARGETED_DEVICE_FAMILY = "1,2";
				TEST_TARGET_NAME = "swiftUI-FirebaseLogin";
			};
			name = Release;
		};
/* End XCBuildConfiguration section */

/* Begin XCConfigurationList section */
		E12CDD482AB7185300DCAD68 /* Build configuration list for PBXProject "swiftUI-FirebaseLogin" */ = {
			isa = XCConfigurationList;
			buildConfigurations = (
				E12CDD6F2AB7185500DCAD68 /* Debug */,
				E12CDD702AB7185500DCAD68 /* Release */,
			);
			defaultConfigurationIsVisible = 0;
			defaultConfigurationName = Release;
		};
		E12CDD712AB7185500DCAD68 /* Build configuration list for PBXNativeTarget "swiftUI-FirebaseLogin" */ = {
			isa = XCConfigurationList;
			buildConfigurations = (
				E12CDD722AB7185500DCAD68 /* Debug */,
				E12CDD732AB7185500DCAD68 /* Release */,
			);
			defaultConfigurationIsVisible = 0;
			defaultConfigurationName = Release;
		};
		E12CDD742AB7185500DCAD68 /* Build configuration list for PBXNativeTarget "swiftUI-FirebaseLoginTests" */ = {
			isa = XCConfigurationList;
			buildConfigurations = (
				E12CDD752AB7185500DCAD68 /* Debug */,
				E12CDD762AB7185500DCAD68 /* Release */,
			);
			defaultConfigurationIsVisible = 0;
			defaultConfigurationName = Release;
		};
		E12CDD772AB7185500DCAD68 /* Build configuration list for PBXNativeTarget "swiftUI-FirebaseLoginUITests" */ = {
			isa = XCConfigurationList;
			buildConfigurations = (
				E12CDD782AB7185500DCAD68 /* Debug */,
				E12CDD792AB7185500DCAD68 /* Release */,
			);
			defaultConfigurationIsVisible = 0;
			defaultConfigurationName = Release;
		};
/* End XCConfigurationList section */
	};
	rootObject = E12CDD452AB7185300DCAD68 /* Project object */;
}
